{
  "name": "@mybricks/plugins",
  "version": "0.0.1",
  "lockfileVersion": 2,
  "requires": true,
  "packages": {
    "": {
      "name": "@mybricks/plugins",
      "version": "0.0.1",
      "dependencies": {
        "@mybricks/rxui": "^1.0.13",
        "@mybricks/sdk": "^0.0.2"
      },
      "devDependencies": {
        "@types/node": "^13.9.0",
        "@types/react": "^16.9.23",
        "@types/react-dom": "^16.9.5"
      }
    },
    "node_modules/@mybricks/rxui": {
      "version": "1.0.71",
      "resolved": "https://npm.corp.kuaishou.com/@mybricks%2frxui/-/rxui-1.0.71.tgz",
      "integrity": "sha512-ldoKmEHtMdMjLMQr29ISY37ndHAg4V646C+P/XxDBO4hg2FwTKou1uvhh9CNvLp7yRVIFhAFab4kb3y3lCI02Q==",
      "license": "MIT",
      "dependencies": {
        "nanoid": "3.1.31"
      }
    },
    "node_modules/@mybricks/sdk": {
      "version": "0.0.2",
      "resolved": "https://npm.corp.kuaishou.com/@mybricks%2fsdk/-/sdk-0.0.2.tgz",
      "integrity": "sha512-XdMEPVuwoFbbA3MK4hccXcdWzcD0/Qmj3+9G2DoQyQfDk57bk6e9NGe9RIZKy8ecMSoEB9hjk+Ibo97GZYrU5g=="
    },
    "node_modules/@types/node": {
      "version": "13.13.52",
      "resolved": "https://npm.corp.kuaishou.com/@types%2fnode/-/node-13.13.52.tgz",
      "integrity": "sha1-A8E75wuQMbqu15SBwMDPsAReU/c=",
      "dev": true,
      "license": "MIT"
    },
    "node_modules/@types/prop-types": {
      "version": "15.7.4",
      "resolved": "https://npm.corp.kuaishou.com/@types%2fprop-types/-/prop-types-15.7.4.tgz",
      "integrity": "sha1-/PcgXCXf95Xuea8eMNosl5CAjxE=",
      "dev": true,
      "license": "MIT"
    },
    "node_modules/@types/react": {
      "version": "16.14.23",
      "resolved": "https://npm.corp.kuaishou.com/@types%2freact/-/react-16.14.23.tgz",
      "integrity": "sha512-WngBZLuSkP4IAgPi0HOsGCHo6dn3CcuLQnCfC17VbA7YBgipZiZoTOhObwl/93DsFW0Y2a/ZXeonpW4DxirEJg==",
      "dev": true,
      "license": "MIT",
      "dependencies": {
        "@types/prop-types": "*",
        "@types/scheduler": "*",
        "csstype": "^3.0.2"
      }
    },
    "node_modules/@types/react-dom": {
      "version": "16.9.14",
      "resolved": "https://npm.corp.kuaishou.com/@types%2freact-dom/-/react-dom-16.9.14.tgz",
      "integrity": "sha512-FIX2AVmPTGP30OUJ+0vadeIFJJ07Mh1m+U0rxfgyW34p3rTlXI+nlenvAxNn4BP36YyI9IJ/+UJ7Wu22N1pI7A==",
      "dev": true,
      "license": "MIT",
      "dependencies": {
        "@types/react": "^16"
      }
    },
    "node_modules/@types/scheduler": {
      "version": "0.16.2",
      "resolved": "https://npm.corp.kuaishou.com/@types%2fscheduler/-/scheduler-0.16.2.tgz",
      "integrity": "sha1-GmL4lSVyPd4kuhsBsJK/XfitTTk=",
      "dev": true,
      "license": "MIT"
    },
    "node_modules/csstype": {
      "version": "3.0.10",
      "resolved": "https://npm.corp.kuaishou.com/csstype/-/csstype-3.0.10.tgz",
      "integrity": "sha1-KtOnvtcPNbllcHwJLl8wsyfCkOU=",
      "dev": true,
      "license": "MIT"
    },
    "node_modules/nanoid": {
      "version": "3.1.31",
      "resolved": "https://npm.corp.kuaishou.com/nanoid/-/nanoid-3.1.31.tgz",
      "integrity": "sha512-ZivnJm0o9bb13p2Ot5CpgC2rQdzB9Uxm/mFZweqm5eMViqOJe3PV6LU2E30SiLgheesmcPrjquqraoolONSA0A==",
      "license": "MIT",
      "bin": {
        "nanoid": "bin/nanoid.cjs"
      },
      "engines": {
        "node": "^10 || ^12 || ^13.7 || ^14 || >=15.0.1"
      }
    }
  },
  "dependencies": {
    "@mybricks/rxui": {
      "version": "1.0.71",
      "resolved": "https://npm.corp.kuaishou.com/@mybricks%2frxui/-/rxui-1.0.71.tgz",
      "integrity": "sha512-ldoKmEHtMdMjLMQr29ISY37ndHAg4V646C+P/XxDBO4hg2FwTKou1uvhh9CNvLp7yRVIFhAFab4kb3y3lCI02Q==",
      "requires": {
        "nanoid": "3.1.31"
      }
    },
    "@mybricks/sdk": {
      "version": "0.0.2",
      "resolved": "https://npm.corp.kuaishou.com/@mybricks%2fsdk/-/sdk-0.0.2.tgz",
      "integrity": "sha512-XdMEPVuwoFbbA3MK4hccXcdWzcD0/Qmj3+9G2DoQyQfDk57bk6e9NGe9RIZKy8ecMSoEB9hjk+Ibo97GZYrU5g=="
    },
    "@types/node": {
      "version": "13.13.52",
      "resolved": "https://npm.corp.kuaishou.com/@types%2fnode/-/node-13.13.52.tgz",
      "integrity": "sha1-A8E75wuQMbqu15SBwMDPsAReU/c=",
      "dev": true
    },
    "@types/prop-types": {
      "version": "15.7.4",
      "resolved": "https://npm.corp.kuaishou.com/@types%2fprop-types/-/prop-types-15.7.4.tgz",
      "integrity": "sha1-/PcgXCXf95Xuea8eMNosl5CAjxE=",
      "dev": true
    },
    "@types/react": {
      "version": "16.14.23",
      "resolved": "https://npm.corp.kuaishou.com/@types%2freact/-/react-16.14.23.tgz",
      "integrity": "sha512-WngBZLuSkP4IAgPi0HOsGCHo6dn3CcuLQnCfC17VbA7YBgipZiZoTOhObwl/93DsFW0Y2a/ZXeonpW4DxirEJg==",
      "dev": true,
      "requires": {
        "@types/prop-types": "*",
        "@types/scheduler": "*",
        "csstype": "^3.0.2"
      }
    },
    "@types/react-dom": {
      "version": "16.9.14",
      "resolved": "https://npm.corp.kuaishou.com/@types%2freact-dom/-/react-dom-16.9.14.tgz",
      "integrity": "sha512-FIX2AVmPTGP30OUJ+0vadeIFJJ07Mh1m+U0rxfgyW34p3rTlXI+nlenvAxNn4BP36YyI9IJ/+UJ7Wu22N1pI7A==",
      "dev": true,
      "requires": {
        "@types/react": "^16"
      }
    },
    "@types/scheduler": {
      "version": "0.16.2",
      "resolved": "https://npm.corp.kuaishou.com/@types%2fscheduler/-/scheduler-0.16.2.tgz",
      "integrity": "sha1-GmL4lSVyPd4kuhsBsJK/XfitTTk=",
      "dev": true
    },
    "csstype": {
      "version": "3.0.10",
      "resolved": "https://npm.corp.kuaishou.com/csstype/-/csstype-3.0.10.tgz",
      "integrity": "sha1-KtOnvtcPNbllcHwJLl8wsyfCkOU=",
      "dev": true
    },
    "nanoid": {
      "version": "3.1.31",
      "resolved": "https://npm.corp.kuaishou.com/nanoid/-/nanoid-3.1.31.tgz",
      "integrity": "sha512-ZivnJm0o9bb13p2Ot5CpgC2rQdzB9Uxm/mFZweqm5eMViqOJe3PV6LU2E30SiLgheesmcPrjquqraoolONSA0A=="
    }
  }
}
